<?xml version="1.0" encoding="UTF-8" standalone="yes" ?>
<CodeBlocks_project_file>
	<FileVersion major="1" minor="6" />
	<Project>
		<Option title="Match Manager System" />
		<Option pch_mode="2" />
		<Option compiler="gcc" />
		<Build>
			<Target title="Release">
				<Option output="bin/Release/Match Manager System" prefix_auto="1" extension_auto="1" />
				<Option object_output="obj/Release/" />
				<Option type="1" />
				<Option compiler="gcc" />
				<Compiler>
					<Add option="-O2" />
				</Compiler>
				<Linker>
					<Add option="-s" />
				</Linker>
			</Target>
		</Build>
		<Compiler>
			<Add option="-Wall" />
		</Compiler>
		<Unit filename="Customer.cpp" />
		<Unit filename="Customer.h" />
		<Unit filename="ManageMatch .cpp" />
		<Unit filename="ManageMatch .h" />
		<Unit filename="Match.cpp" />
		<Unit filename="Match.h" />
		<Unit filename="MatchManager.cpp" />
		<Unit filename="MatchManager.h" />
		<Unit filename="MatchSales.cpp" />
		<Unit filename="MatchSales.h" />
		<Unit filename="MatchType.cpp" />
		<Unit filename="MatchType.h" />
		<Unit filename="Order.cpp" />
		<Unit filename="Order.h" />
		<Unit filename="Ticket.cpp" />
		<Unit filename="Ticket.h" />
		<Extensions>
			<code_completion />
			<envvars />
			<debugger />
		</Extensions>
	</Project>
</CodeBlocks_project_file>
